# This file was autogenerated by Stack.
# You should not edit this file by hand.
# For more information, please see the documentation at:
#   https://docs.haskellstack.org/en/stable/lock_files

packages:
- completed:
    hackage: pathwalk-0.3.1.2@sha256:e12cc53b1f4d19e96afc22a9d8607862f41c6bef638101f4c0a16065443df43f,2296
    pantry-tree:
      size: 485
      sha256: e2e34b4179bbfaa5f9fd4a59ea2b86485e84c13fc97dae89d9d03cc511fd8cf7
  original:
    hackage: pathwalk-0.3.1.2
snapshots:
- completed:
    size: 499193
    url: https://raw.githubusercontent.com/commercialhaskell/stackage-snapshots/master/lts/12/1.yaml
    sha256: 2f67d2e2b2f7926260afa0adb908e24a7df2eed14804d6602fa17a5b5de97f61
  original: lts-12.1
